
Microsoft Visual Studio Solution File, Format Version 12.00
# Visual Studio Version 16
VisualStudioVersion = 16.0.29306.81
MinimumVisualStudioVersion = 10.0.40219.1
Project("{FAE04EC0-301F-11D3-BF4B-00C04F79EFBC}") = "LargestSCG", "LargestSCG.csproj", "{49BEA4B3-092C-4D53-BB26-18C662ED45F8}"
EndProject
Global
	GlobalSection(SolutionConfigurationPlatforms) = preSolution
		Debug|Any CPU = Debug|Any CPU
		Release|Any CPU = Release|Any CPU
	EndGlobalSection
	GlobalSection(ProjectConfigurationPlatforms) = postSolution
		{49BEA4B3-092C-4D53-BB26-18C662ED45F8}.Debug|Any CPU.ActiveCfg = Debug|Any CPU
		{49BEA4B3-092C-4D53-BB26-18C662ED45F8}.Debug|Any CPU.Build.0 = Debug|Any CPU
		{49BEA4B3-092C-4D53-BB26-18C662ED45F8}.Release|Any CPU.ActiveCfg = Release|Any CPU
		{49BEA4B3-092C-4D53-BB26-18C662ED45F8}.Release|Any CPU.Build.0 = Release|Any CPU
	EndGlobalSection
	GlobalSection(SolutionProperties) = preSolution
		HideSolutionNode = FALSE
	EndGlobalSection
	GlobalSection(ExtensibilityGlobals) = postSolution
		SolutionGuid = {D26EE182-4B83-4E98-851B-0F416541BCF6}
	EndGlobalSection
EndGlobal
